
Microsoft Visual Studio Solution File, Format Version 12.00
# Visual Studio 15
VisualStudioVersion = 15.0.28307.168
MinimumVisualStudioVersion = 10.0.40219.1
Project("{FAE04EC0-301F-11D3-BF4B-00C04F79EFBC}") = "MEDWebApp", "MEDWebApp\MEDWebApp.csproj", "{F2CBDA12-C6F1-4BAD-A801-982B5A4F2B45}"
EndProject
Global
	GlobalSection(SolutionConfigurationPlatforms) = preSolution
		Debug|Any CPU = Debug|Any CPU
		Release|Any CPU = Release|Any CPU
	EndGlobalSection
	GlobalSection(ProjectConfigurationPlatforms) = postSolution
		{F2CBDA12-C6F1-4BAD-A801-982B5A4F2B45}.Debug|Any CPU.ActiveCfg = Debug|Any CPU
		{F2CBDA12-C6F1-4BAD-A801-982B5A4F2B45}.Debug|Any CPU.Build.0 = Debug|Any CPU
		{F2CBDA12-C6F1-4BAD-A801-982B5A4F2B45}.Release|Any CPU.ActiveCfg = Release|Any CPU
		{F2CBDA12-C6F1-4BAD-A801-982B5A4F2B45}.Release|Any CPU.Build.0 = Release|Any CPU
	EndGlobalSection
	GlobalSection(SolutionProperties) = preSolution
		HideSolutionNode = FALSE
	EndGlobalSection
	GlobalSection(ExtensibilityGlobals) = postSolution
		SolutionGuid = {D02A1D62-1F31-4FC7-9B9B-7305D2F57D75}
	EndGlobalSection
EndGlobal
